{
  "version": 4,
  "terraform_version": "0.12.19",
  "serial": 5,
  "lineage": "1fb63738-8f9e-c4a9-820a-abafe8df8ca7",
  "outputs": {},
  "resources": [
    {
      "mode": "managed",
      "type": "docker_image",
      "name": "factor",
      "provider": "provider.docker",
      "instances": [
        {
          "schema_version": 0,
          "attributes": {
            "id": "sha256:733bfe30666794d004e40f20677035f03cce1aacca3b138965bfc0effb2183f8perfolio/factor:latest",
            "keep_locally": null,
            "latest": "sha256:733bfe30666794d004e40f20677035f03cce1aacca3b138965bfc0effb2183f8",
            "name": "perfolio/factor:latest",
            "pull_trigger": null,
            "pull_triggers": [
              "perfolio/factor:latest.sha256_digest"
            ]
          },
          "private": "bnVsbA=="
        }
      ]
    },
    {
      "mode": "managed",
      "type": "docker_network",
      "name": "global",
      "provider": "provider.docker",
      "instances": [
        {
          "schema_version": 1,
          "attributes": {
            "attachable": false,
            "check_duplicate": null,
            "driver": "bridge",
            "id": "06c0b4ce20d44d65fd744b356a2488cb8890f00fe72075ec8a20339421d65250",
            "ingress": false,
            "internal": false,
            "ipam_config": [
              {
                "aux_address": {},
                "gateway": "172.24.0.1",
                "ip_range": "",
                "subnet": "172.24.0.0/16"
              }
            ],
            "ipam_driver": "default",
            "ipv6": false,
            "labels": [],
            "name": "global",
            "options": {},
            "scope": "local"
          },
          "private": "eyJzY2hlbWFfdmVyc2lvbiI6IjEifQ=="
        }
      ]
    }
  ]
}
